// !$*UTF8*$!
{
	archiveVersion = 1;
	classes = {
	};
	objectVersion = 48;
	objects = {

/* Begin PBXBuildFile section */
		9494E25B206168AF00CC4D1B /* AppDelegate.m in Sources */ = {isa = PBXBuildFile; fileRef = 9494E25A206168AF00CC4D1B /* AppDelegate.m */; };
		9494E25E206168AF00CC4D1B /* ViewController.m in Sources */ = {isa = PBXBuildFile; fileRef = 9494E25D206168AF00CC4D1B /* ViewController.m */; };
		9494E261206168AF00CC4D1B /* Main.storyboard in Resources */ = {isa = PBXBuildFile; fileRef = 9494E25F206168AF00CC4D1B /* Main.storyboard */; };
		9494E263206168AF00CC4D1B /* Assets.xcassets in Resources */ = {isa = PBXBuildFile; fileRef = 9494E262206168AF00CC4D1B /* Assets.xcassets */; };
		9494E266206168AF00CC4D1B /* LaunchScreen.storyboard in Resources */ = {isa = PBXBuildFile; fileRef = 9494E264206168AF00CC4D1B /* LaunchScreen.storyboard */; };
		9494E269206168AF00CC4D1B /* main.m in Sources */ = {isa = PBXBuildFile; fileRef = 9494E268206168AF00CC4D1B /* main.m */; };
/* End PBXBuildFile section */

/* Begin PBXFileReference section */
		9494E256206168AF00CC4D1B /* ScoreKeeperPrep.app */ = {isa = PBXFileReference; explicitFileType = wrapper.application; includeInIndex = 0; path = ScoreKeeperPrep.app; sourceTree = BUILT_PRODUCTS_DIR; };
		9494E259206168AF00CC4D1B /* AppDelegate.h */ = {isa = PBXFileReference; lastKnownFileType = sourcecode.c.h; path = AppDelegate.h; sourceTree = "<group>"; };
		9494E25A206168AF00CC4D1B /* AppDelegate.m */ = {isa = PBXFileReference; lastKnownFileType = sourcecode.c.objc; path = AppDelegate.m; sourceTree = "<group>"; };
		9494E25C206168AF00CC4D1B /* ViewController.h */ = {isa = PBXFileReference; lastKnownFileType = sourcecode.c.h; path = ViewController.h; sourceTree = "<group>"; };
		9494E25D206168AF00CC4D1B /* ViewController.m */ = {isa = PBXFileReference; lastKnownFileType = sourcecode.c.objc; path = ViewController.m; sourceTree = "<group>"; };
		9494E260206168AF00CC4D1B /* Base */ = {isa = PBXFileReference; lastKnownFileType = file.storyboard; name = Base; path = Base.lproj/Main.storyboard; sourceTree = "<group>"; };
		9494E262206168AF00CC4D1B /* Assets.xcassets */ = {isa = PBXFileReference; lastKnownFileType = folder.assetcatalog; path = Assets.xcassets; sourceTree = "<group>"; };
		9494E265206168AF00CC4D1B /* Base */ = {isa = PBXFileReference; lastKnownFileType = file.storyboard; name = Base; path = Base.lproj/LaunchScreen.storyboard; sourceTree = "<group>"; };
		9494E267206168AF00CC4D1B /* Info.plist */ = {isa = PBXFileReference; lastKnownFileType = text.plist.xml; path = Info.plist; sourceTree = "<group>"; };
		9494E268206168AF00CC4D1B /* main.m */ = {isa = PBXFileReference; lastKnownFileType = sourcecode.c.objc; path = main.m; sourceTree = "<group>"; };
/* End PBXFileReference section */

/* Begin PBXFrameworksBuildPhase section */
		9494E253206168AF00CC4D1B /* Frameworks */ = {
			isa = PBXFrameworksBuildPhase;
			buildActionMask = 2147483647;
			files = (
			);
			runOnlyForDeploymentPostprocessing = 0;
		};
/* End PBXFrameworksBuildPhase section */

/* Begin PBXGroup section */
		9494E24D206168AF00CC4D1B = {
			isa = PBXGroup;
			children = (
				9494E258206168AF00CC4D1B /* ScoreKeeperPrep */,
				9494E257206168AF00CC4D1B /* Products */,
			);
			sourceTree = "<group>";
		};
		9494E257206168AF00CC4D1B /* Products */ = {
			isa = PBXGroup;
			children = (
				9494E256206168AF00CC4D1B /* ScoreKeeperPrep.app */,
			);
			name = Products;
			sourceTree = "<group>";
		};
		9494E258206168AF00CC4D1B /* ScoreKeeperPrep */ = {
			isa = PBXGroup;
			children = (
				9494E259206168AF00CC4D1B /* AppDelegate.h */,
				9494E25A206168AF00CC4D1B /* AppDelegate.m */,
				9494E25C206168AF00CC4D1B /* ViewController.h */,
				9494E25D206168AF00CC4D1B /* ViewController.m */,
				9494E25F206168AF00CC4D1B /* Main.storyboard */,
				9494E262206168AF00CC4D1B /* Assets.xcassets */,
				9494E264206168AF00CC4D1B /* LaunchScreen.storyboard */,
				9494E267206168AF00CC4D1B /* Info.plist */,
				9494E268206168AF00CC4D1B /* main.m */,
			);
			path = ScoreKeeperPrep;
			sourceTree = "<group>";
		};
/* End PBXGroup section */

/* Begin PBXNativeTarget section */
		9494E255206168AF00CC4D1B /* ScoreKeeperPrep */ = {
			isa = PBXNativeTarget;
			buildConfigurationList = 9494E26C206168AF00CC4D1B /* Build configuration list for PBXNativeTarget "ScoreKeeperPrep" */;
			buildPhases = (
				9494E252206168AF00CC4D1B /* Sources */,
				9494E253206168AF00CC4D1B /* Frameworks */,
				9494E254206168AF00CC4D1B /* Resources */,
			);
			buildRules = (
			);
			dependencies = (
			);
			name = ScoreKeeperPrep;
			productName = ScoreKeeperPrep;
			productReference = 9494E256206168AF00CC4D1B /* ScoreKeeperPrep.app */;
			productType = "com.apple.product-type.application";
		};
/* End PBXNativeTarget section */

/* Begin PBXProject section */
		9494E24E206168AF00CC4D1B /* Project object */ = {
			isa = PBXProject;
			attributes = {
				LastUpgradeCheck = 0920;
				ORGANIZATIONNAME = "Ryan Greenlee";
				TargetAttributes = {
					9494E255206168AF00CC4D1B = {
						CreatedOnToolsVersion = 9.2;
						ProvisioningStyle = Automatic;
					};
				};
			};
			buildConfigurationList = 9494E251206168AF00CC4D1B /* Build configuration list for PBXProject "ScoreKeeperPrep" */;
			compatibilityVersion = "Xcode 8.0";
			developmentRegion = en;
			hasScannedForEncodings = 0;
			knownRegions = (
				en,
				Base,
			);
			mainGroup = 9494E24D206168AF00CC4D1B;
			productRefGroup = 9494E257206168AF00CC4D1B /* Products */;
			projectDirPath = "";
			projectRoot = "";
			targets = (
				9494E255206168AF00CC4D1B /* ScoreKeeperPrep */,
			);
		};
/* End PBXProject section */

/* Begin PBXResourcesBuildPhase section */
		9494E254206168AF00CC4D1B /* Resources */ = {
			isa = PBXResourcesBuildPhase;
			buildActionMask = 2147483647;
			files = (
				9494E266206168AF00CC4D1B /* LaunchScreen.storyboard in Resources */,
				9494E263206168AF00CC4D1B /* Assets.xcassets in Resources */,
				9494E261206168AF00CC4D1B /* Main.storyboard in Resources */,
			);
			runOnlyForDeploymentPostprocessing = 0;
		};
/* End PBXResourcesBuildPhase section */

/* Begin PBXSourcesBuildPhase section */
		9494E252206168AF00CC4D1B /* Sources */ = {
			isa = PBXSourcesBuildPhase;
			buildActionMask = 2147483647;
			files = (
				9494E25E206168AF00CC4D1B /* ViewController.m in Sources */,
				9494E269206168AF00CC4D1B /* main.m in Sources */,
				9494E25B206168AF00CC4D1B /* AppDelegate.m in Sources */,
			);
			runOnlyForDeploymentPostprocessing = 0;
		};
/* End PBXSourcesBuildPhase section */

/* Begin PBXVariantGroup section */
		9494E25F206168AF00CC4D1B /* Main.storyboard */ = {
			isa = PBXVariantGroup;
			children = (
				9494E260206168AF00CC4D1B /* Base */,
			);
			name = Main.storyboard;
			sourceTree = "<group>";
		};
		9494E264206168AF00CC4D1B /* LaunchScreen.storyboard */ = {
			isa = PBXVariantGroup;
			children = (
				9494E265206168AF00CC4D1B /* Base */,
			);
			name = LaunchScreen.storyboard;
			sourceTree = "<group>";
		};
/* End PBXVariantGroup section */

/* Begin XCBuildConfiguration section */
		9494E26A206168AF00CC4D1B /* Debug */ = {
			isa = XCBuildConfiguration;
			buildSettings = {
				ALWAYS_SEARCH_USER_PATHS = NO;
				CLANG_ANALYZER_NONNULL = YES;
				CLANG_ANALYZER_NUMBER_OBJECT_CONVERSION = YES_AGGRESSIVE;
				CLANG_CXX_LANGUAGE_STANDARD = "gnu++14";
				CLANG_CXX_LIBRARY = "libc++";
				CLANG_ENABLE_MODULES = YES;
				CLANG_ENABLE_OBJC_ARC = YES;
				CLANG_WARN_BLOCK_CAPTURE_AUTORELEASING = YES;
				CLANG_WARN_BOOL_CONVERSION = YES;
				CLANG_WARN_COMMA = YES;
				CLANG_WARN_CONSTANT_CONVERSION = YES;
				CLANG_WARN_DIRECT_OBJC_ISA_USAGE = YES_ERROR;
				CLANG_WARN_DOCUMENTATION_COMMENTS = YES;
				CLANG_WARN_EMPTY_BODY = YES;
				CLANG_WARN_ENUM_CONVERSION = YES;
				CLANG_WARN_INFINITE_RECURSION = YES;
				CLANG_WARN_INT_CONVERSION = YES;
				CLANG_WARN_NON_LITERAL_NULL_CONVERSION = YES;
				CLANG_WARN_OBJC_LITERAL_CONVERSION = YES;
				CLANG_WARN_OBJC_ROOT_CLASS = YES_ERROR;
				CLANG_WARN_RANGE_LOOP_ANALYSIS = YES;
				CLANG_WARN_STRICT_PROTOTYPES = YES;
				CLANG_WARN_SUSPICIOUS_MOVE = YES;
				CLANG_WARN_UNGUARDED_AVAILABILITY = YES_AGGRESSIVE;
				CLANG_WARN_UNREACHABLE_CODE = YES;
				CLANG_WARN__DUPLICATE_METHOD_MATCH = YES;
				CODE_SIGN_IDENTITY = "iPhone Developer";
				COPY_PHASE_STRIP = NO;
				DEBUG_INFORMATION_FORMAT = dwarf;
				ENABLE_STRICT_OBJC_MSGSEND = YES;
				ENABLE_TESTABILITY = YES;
				GCC_C_LANGUAGE_STANDARD = gnu11;
				GCC_DYNAMIC_NO_PIC = NO;
				GCC_NO_COMMON_BLOCKS = YES;
				GCC_OPTIMIZATION_LEVEL = 0;
				GCC_PREPROCESSOR_DEFINITIONS = (
					"DEBUG=1",
					"$(inherited)",
				);
				GCC_WARN_64_TO_32_BIT_CONVERSION = YES;
				GCC_WARN_ABOUT_RETURN_TYPE = YES_ERROR;
				GCC_WARN_UNDECLARED_SELECTOR = YES;
				GCC_WARN_UNINITIALIZED_AUTOS = YES_AGGRESSIVE;
				GCC_WARN_UNUSED_FUNCTION = YES;
				GCC_WARN_UNUSED_VARIABLE = YES;
				IPHONEOS_DEPLOYMENT_TARGET = 11.2;
				MTL_ENABLE_DEBUG_INFO = YES;
				ONLY_ACTIVE_ARCH = YES;
				SDKROOT = iphoneos;
			};
			name = Debug;
		};
		9494E26B206168AF00CC4D1B /* Release */ = {
			isa = XCBuildConfiguration;
			buildSettings = {
				ALWAYS_SEARCH_USER_PATHS = NO;
				CLANG_ANALYZER_NONNULL = YES;
				CLANG_ANALYZER_NUMBER_OBJECT_CONVERSION = YES_AGGRESSIVE;
				CLANG_CXX_LANGUAGE_STANDARD = "gnu++14";
				CLANG_CXX_LIBRARY = "libc++";
				CLANG_ENABLE_MODULES = YES;
				CLANG_ENABLE_OBJC_ARC = YES;
				CLANG_WARN_BLOCK_CAPTURE_AUTORELEASING = YES;
				CLANG_WARN_BOOL_CONVERSION = YES;
				CLANG_WARN_COMMA = YES;
				CLANG_WARN_CONSTANT_CONVERSION = YES;
				CLANG_WARN_DIRECT_OBJC_ISA_USAGE = YES_ERROR;
				CLANG_WARN_DOCUMENTATION_COMMENTS = YES;
				CLANG_WARN_EMPTY_BODY = YES;
				CLANG_WARN_ENUM_CONVERSION = YES;
				CLANG_WARN_INFINITE_RECURSION = YES;
				CLANG_WARN_INT_CONVERSION = YES;
				CLANG_WARN_NON_LITERAL_NULL_CONVERSION = YES;
				CLANG_WARN_OBJC_LITERAL_CONVERSION = YES;
				CLANG_WARN_OBJC_ROOT_CLASS = YES_ERROR;
				CLANG_WARN_RANGE_LOOP_ANALYSIS = YES;
				CLANG_WARN_STRICT_PROTOTYPES = YES;
				CLANG_WARN_SUSPICIOUS_MOVE = YES;
				CLANG_WARN_UNGUARDED_AVAILABILITY = YES_AGGRESSIVE;
				CLANG_WARN_UNREACHABLE_CODE = YES;
				CLANG_WARN__DUPLICATE_METHOD_MATCH = YES;
				CODE_SIGN_IDENTITY = "iPhone Developer";
				COPY_PHASE_STRIP = NO;
				DEBUG_INFORMATION_FORMAT = "dwarf-with-dsym";
				ENABLE_NS_ASSERTIONS = NO;
				ENABLE_STRICT_OBJC_MSGSEND = YES;
				GCC_C_LANGUAGE_STANDARD = gnu11;
				GCC_NO_COMMON_BLOCKS = YES;
				GCC_WARN_64_TO_32_BIT_CONVERSION = YES;
				GCC_WARN_ABOUT_RETURN_TYPE = YES_ERROR;
				GCC_WARN_UNDECLARED_SELECTOR = YES;
				GCC_WARN_UNINITIALIZED_AUTOS = YES_AGGRESSIVE;
				GCC_WARN_UNUSED_FUNCTION = YES;
				GCC_WARN_UNUSED_VARIABLE = YES;
				IPHONEOS_DEPLOYMENT_TARGET = 11.2;
				MTL_ENABLE_DEBUG_INFO = NO;
				SDKROOT = iphoneos;
				VALIDATE_PRODUCT = YES;
			};
			name = Release;
		};
		9494E26D206168AF00CC4D1B /* Debug */ = {
			isa = XCBuildConfiguration;
			buildSettings = {
				ASSETCATALOG_COMPILER_APPICON_NAME = AppIcon;
				CODE_SIGN_STYLE = Automatic;
				DEVELOPMENT_TEAM = 582V4DL5CW;
				INFOPLIST_FILE = ScoreKeeperPrep/Info.plist;
				LD_RUNPATH_SEARCH_PATHS = "$(inherited) @executable_path/Frameworks";
				PRODUCT_BUNDLE_IDENTIFIER = edu.rosehulman.greenlrt.ScoreKeeperPrep;
				PRODUCT_NAME = "$(TARGET_NAME)";
				TARGETED_DEVICE_FAMILY = "1,2";
			};
			name = Debug;
		};
		9494E26E206168AF00CC4D1B /* Release */ = {
			isa = XCBuildConfiguration;
			buildSettings = {
				ASSETCATALOG_COMPILER_APPICON_NAME = AppIcon;
				CODE_SIGN_STYLE = Automatic;
				DEVELOPMENT_TEAM = 582V4DL5CW;
				INFOPLIST_FILE = ScoreKeeperPrep/Info.plist;
				LD_RUNPATH_SEARCH_PATHS = "$(inherited) @executable_path/Frameworks";
				PRODUCT_BUNDLE_IDENTIFIER = edu.rosehulman.greenlrt.ScoreKeeperPrep;
				PRODUCT_NAME = "$(TARGET_NAME)";
				TARGETED_DEVICE_FAMILY = "1,2";
			};
			name = Release;
		};
/* End XCBuildConfiguration section */

/* Begin XCConfigurationList section */
		9494E251206168AF00CC4D1B /* Build configuration list for PBXProject "ScoreKeeperPrep" */ = {
			isa = XCConfigurationList;
			buildConfigurations = (
				9494E26A206168AF00CC4D1B /* Debug */,
				9494E26B206168AF00CC4D1B /* Release */,
			);
			defaultConfigurationIsVisible = 0;
			defaultConfigurationName = Release;
		};
		9494E26C206168AF00CC4D1B /* Build configuration list for PBXNativeTarget "ScoreKeeperPrep" */ = {
			isa = XCConfigurationList;
			buildConfigurations = (
				9494E26D206168AF00CC4D1B /* Debug */,
				9494E26E206168AF00CC4D1B /* Release */,
			);
			defaultConfigurationIsVisible = 0;
			defaultConfigurationName = Release;
		};
/* End XCConfigurationList section */
	};
	rootObject = 9494E24E206168AF00CC4D1B /* Project object */;
}
